
Microsoft Visual Studio Solution File, Format Version 12.00
# Visual Studio Version 16
VisualStudioVersion = 16.0.29324.140
MinimumVisualStudioVersion = 10.0.40219.1
Project("{9A19103F-16F7-4668-BE54-9A1E7A4F7556}") = "MuLibrary", "MuLibrary\MuLibrary.csproj", "{D44D9529-ADB0-40E0-B49D-5D69A4ADD515}"
EndProject
Project("{9A19103F-16F7-4668-BE54-9A1E7A4F7556}") = "MuBot", "C:\Users\Jacob.DESKTOP-0DODRVN\source\repos\MuBot\MuBot\MuBot.csproj", "{894F3C5C-9AEF-4303-8CA3-692DA2E5C9B6}"
EndProject
Project("{9A19103F-16F7-4668-BE54-9A1E7A4F7556}") = "MuLibraryDownloader", "MuLibraryDownloader\MuLibraryDownloader.csproj", "{0066A22F-973B-497A-9435-33EDF624FB4C}"
EndProject
Global
	GlobalSection(SolutionConfigurationPlatforms) = preSolution
		Debug|Any CPU = Debug|Any CPU
		Release|Any CPU = Release|Any CPU
	EndGlobalSection
	GlobalSection(ProjectConfigurationPlatforms) = postSolution
		{D44D9529-ADB0-40E0-B49D-5D69A4ADD515}.Debug|Any CPU.ActiveCfg = Debug|Any CPU
		{D44D9529-ADB0-40E0-B49D-5D69A4ADD515}.Debug|Any CPU.Build.0 = Debug|Any CPU
		{D44D9529-ADB0-40E0-B49D-5D69A4ADD515}.Release|Any CPU.ActiveCfg = Release|Any CPU
		{D44D9529-ADB0-40E0-B49D-5D69A4ADD515}.Release|Any CPU.Build.0 = Release|Any CPU
		{894F3C5C-9AEF-4303-8CA3-692DA2E5C9B6}.Debug|Any CPU.ActiveCfg = Debug|Any CPU
		{894F3C5C-9AEF-4303-8CA3-692DA2E5C9B6}.Debug|Any CPU.Build.0 = Debug|Any CPU
		{894F3C5C-9AEF-4303-8CA3-692DA2E5C9B6}.Release|Any CPU.ActiveCfg = Release|Any CPU
		{894F3C5C-9AEF-4303-8CA3-692DA2E5C9B6}.Release|Any CPU.Build.0 = Release|Any CPU
		{0066A22F-973B-497A-9435-33EDF624FB4C}.Debug|Any CPU.ActiveCfg = Debug|Any CPU
		{0066A22F-973B-497A-9435-33EDF624FB4C}.Debug|Any CPU.Build.0 = Debug|Any CPU
		{0066A22F-973B-497A-9435-33EDF624FB4C}.Release|Any CPU.ActiveCfg = Release|Any CPU
		{0066A22F-973B-497A-9435-33EDF624FB4C}.Release|Any CPU.Build.0 = Release|Any CPU
	EndGlobalSection
	GlobalSection(SolutionProperties) = preSolution
		HideSolutionNode = FALSE
	EndGlobalSection
	GlobalSection(ExtensibilityGlobals) = postSolution
		SolutionGuid = {20128227-8C5F-42D4-9E38-44B26A08EC7F}
	EndGlobalSection
EndGlobal
